
Microsoft Visual Studio Solution File, Format Version 12.00
# Visual Studio Version 17
VisualStudioVersion = 17.7.34031.279
MinimumVisualStudioVersion = 10.0.40219.1
Project("{2150E333-8FDC-42A3-9474-1A3956D46DE8}") = "Solution Items", "Solution Items", "{1A6C9ED1-C954-41F9-AA09-CFC55931A55D}"
	ProjectSection(SolutionItems) = preProject
		Sahara Index.html = Sahara Index.html
		Sahara Script.js = Sahara Script.js
		Sahara_Style.css = Sahara_Style.css
		Sahara users.json = Sahara users.json
	EndProjectSection
EndProject
Global
	GlobalSection(SolutionProperties) = preSolution
		HideSolutionNode = FALSE
	EndGlobalSection
	GlobalSection(ExtensibilityGlobals) = postSolution
		SolutionGuid = {3F79C5AA-0CC2-47CC-871B-13A4B059D528}
	EndGlobalSection
EndGlobal
